
Microsoft Visual Studio Solution File, Format Version 12.00
# Visual Studio Version 17
VisualStudioVersion = 17.6.33829.357
MinimumVisualStudioVersion = 10.0.40219.1
Project("{FAE04EC0-301F-11D3-BF4B-00C04F79EFBC}") = "COMProject", "COMProject\COMProject.csproj", "{B73387B9-BD43-4CB7-A884-DD1A955C4401}"
EndProject
Global
	GlobalSection(SolutionConfigurationPlatforms) = preSolution
		Debug|Any CPU = Debug|Any CPU
		Release|Any CPU = Release|Any CPU
	EndGlobalSection
	GlobalSection(ProjectConfigurationPlatforms) = postSolution
		{B73387B9-BD43-4CB7-A884-DD1A955C4401}.Debug|Any CPU.ActiveCfg = Debug|Any CPU
		{B73387B9-BD43-4CB7-A884-DD1A955C4401}.Debug|Any CPU.Build.0 = Debug|Any CPU
		{B73387B9-BD43-4CB7-A884-DD1A955C4401}.Release|Any CPU.ActiveCfg = Release|Any CPU
		{B73387B9-BD43-4CB7-A884-DD1A955C4401}.Release|Any CPU.Build.0 = Release|Any CPU
	EndGlobalSection
	GlobalSection(SolutionProperties) = preSolution
		HideSolutionNode = FALSE
	EndGlobalSection
	GlobalSection(ExtensibilityGlobals) = postSolution
		SolutionGuid = {723C026B-A7B2-42CC-8352-256EB53B06F6}
	EndGlobalSection
EndGlobal
